
Microsoft Visual Studio Solution File, Format Version 12.00
# Visual Studio 2013
VisualStudioVersion = 12.0.30501.0
MinimumVisualStudioVersion = 10.0.40219.1
Project("{FAE04EC0-301F-11D3-BF4B-00C04F79EFBC}") = "pMixins.Mvc", "pMixins.Mvc\pMixins.Mvc.csproj", "{3DAD41E3-D418-44FE-B844-4350A3C2C6E3}"
EndProject
Project("{FAE04EC0-301F-11D3-BF4B-00C04F79EFBC}") = "pMixins.Mvc.Recipes", "pMixins.Mvc.Recipes\pMixins.Mvc.Recipes.csproj", "{6A70C346-4BD8-4A0C-9504-74E72C16EF24}"
EndProject
Global
	GlobalSection(SolutionConfigurationPlatforms) = preSolution
		Debug|Any CPU = Debug|Any CPU
		Release|Any CPU = Release|Any CPU
	EndGlobalSection
	GlobalSection(ProjectConfigurationPlatforms) = postSolution
		{3DAD41E3-D418-44FE-B844-4350A3C2C6E3}.Debug|Any CPU.ActiveCfg = Debug|Any CPU
		{3DAD41E3-D418-44FE-B844-4350A3C2C6E3}.Debug|Any CPU.Build.0 = Debug|Any CPU
		{3DAD41E3-D418-44FE-B844-4350A3C2C6E3}.Release|Any CPU.ActiveCfg = Release|Any CPU
		{3DAD41E3-D418-44FE-B844-4350A3C2C6E3}.Release|Any CPU.Build.0 = Release|Any CPU
		{6A70C346-4BD8-4A0C-9504-74E72C16EF24}.Debug|Any CPU.ActiveCfg = Debug|Any CPU
		{6A70C346-4BD8-4A0C-9504-74E72C16EF24}.Debug|Any CPU.Build.0 = Debug|Any CPU
		{6A70C346-4BD8-4A0C-9504-74E72C16EF24}.Release|Any CPU.ActiveCfg = Release|Any CPU
		{6A70C346-4BD8-4A0C-9504-74E72C16EF24}.Release|Any CPU.Build.0 = Release|Any CPU
	EndGlobalSection
	GlobalSection(SolutionProperties) = preSolution
		HideSolutionNode = FALSE
	EndGlobalSection
	GlobalSection(ExtensibilityGlobals) = postSolution
		VisualSVNWorkingCopyRoot = .
	EndGlobalSection
EndGlobal
