
Microsoft Visual Studio Solution File, Format Version 12.00
# Visual Studio 14
VisualStudioVersion = 14.0.24720.0
MinimumVisualStudioVersion = 10.0.40219.1
Project("{2150E333-8FDC-42A3-9474-1A3956D46DE8}") = "Theory", "Theory", "{E9B35708-C66D-44B0-9B58-4A7D47A319ED}"
EndProject
Project("{2150E333-8FDC-42A3-9474-1A3956D46DE8}") = "Tests", "Tests", "{D7A901F5-B909-448B-9982-07CDC2F326C3}"
EndProject
Project("{2150E333-8FDC-42A3-9474-1A3956D46DE8}") = "Code", "Code", "{13FD010F-24D4-4519-881A-985B265D7FE9}"
EndProject
Project("{2150E333-8FDC-42A3-9474-1A3956D46DE8}") = "Key", "Key", "{22F9932B-AB74-42FD-9CC7-E04F4B54DEBE}"
	ProjectSection(SolutionItems) = preProject
		pMixins.snk = pMixins.snk
	EndProjectSection
EndProject
Project("{2150E333-8FDC-42A3-9474-1A3956D46DE8}") = ".nuget", ".nuget", "{21919D5B-364A-43A9-9083-FFF6E18DE78C}"
	ProjectSection(SolutionItems) = preProject
		.nuget\NuGet.Config = .nuget\NuGet.Config
		.nuget\NuGet.exe = .nuget\NuGet.exe
		.nuget\NuGet.targets = .nuget\NuGet.targets
	EndProjectSection
EndProject
Project("{2150E333-8FDC-42A3-9474-1A3956D46DE8}") = "Web", "Web", "{5C4D0962-12AA-4D22-9844-0099D8C85DE0}"
EndProject
Project("{2150E333-8FDC-42A3-9474-1A3956D46DE8}") = "VSPackages", "VSPackages", "{3D2EF5DB-5E7C-4C70-89A7-496D0E25C745}"
EndProject
Project("{2150E333-8FDC-42A3-9474-1A3956D46DE8}") = "Item Template", "Item Template", "{D46C5F3A-1A96-4AD8-9B58-BCC87EC0F1EC}"
EndProject
Project("{FAE04EC0-301F-11D3-BF4B-00C04F79EFBC}") = "CopaceticSoftware.CodeGenerator.StarterKit", "CopaceticSoftware.CodeGenerator.StarterKit\CopaceticSoftware.CodeGenerator.StarterKit.csproj", "{1AC30318-70F7-406C-BDDB-95535981B558}"
EndProject
Project("{FAE04EC0-301F-11D3-BF4B-00C04F79EFBC}") = "pMixins.CodeGenerator.Tests", "pMixins.CodeGenerator.Tests\pMixins.CodeGenerator.Tests.csproj", "{576B2C1F-2744-4DC9-B68B-A2C48CBBCF5F}"
EndProject
Project("{FAE04EC0-301F-11D3-BF4B-00C04F79EFBC}") = "pMixins", "pMixins\pMixins.csproj", "{F2D44224-B6DB-4518-A017-2B3DC5F4C4EA}"
EndProject
Project("{FAE04EC0-301F-11D3-BF4B-00C04F79EFBC}") = "pMixins.CodeGenerator", "pMixins.CodeGenerator\pMixins.CodeGenerator.csproj", "{0B3B811B-D400-4144-A655-81BBFF88E858}"
EndProject
Project("{FAE04EC0-301F-11D3-BF4B-00C04F79EFBC}") = "pMixins.ItemTemplate", "pMixins.ItemTemplate\pMixins.ItemTemplate.csproj", "{07B8D0B7-3395-4EC5-91C7-3482C8336A2C}"
EndProject
Project("{FAE04EC0-301F-11D3-BF4B-00C04F79EFBC}") = "pMixins.VSPackage", "pMixins.VSPackage\pMixins.VSPackage.csproj", "{6A80EC15-AA9E-46B0-9644-3B781F22CCDE}"
EndProject
Project("{FAE04EC0-301F-11D3-BF4B-00C04F79EFBC}") = "pMixins.TheorySandbox", "pMixins.TheorySandbox\pMixins.TheorySandbox.csproj", "{A1D0E9F5-C2E8-4E30-9FD8-FF87FD97F324}"
EndProject
Project("{FAE04EC0-301F-11D3-BF4B-00C04F79EFBC}") = "pMixins.VisualStudio", "pMixins.VisualStudio\pMixins.VisualStudio.csproj", "{B2738273-42FA-4589-AFFC-610CE796D1F2}"
EndProject
Project("{FAE04EC0-301F-11D3-BF4B-00C04F79EFBC}") = "CopaceticSoftware.CodeGenerator.StarterKit.Tests", "CopaceticSoftware.CodeGenerator.StarterKit.Tests\CopaceticSoftware.CodeGenerator.StarterKit.Tests.csproj", "{F8B38B27-095D-4117-BBD7-65BD734113A6}"
EndProject
Project("{FAE04EC0-301F-11D3-BF4B-00C04F79EFBC}") = "pMixins.VSPackage.Tests", "pMixins.VSPackage.Tests\pMixins.VSPackage.Tests.csproj", "{4829757B-8B89-40C0-A745-6ADF1BA2F22B}"
EndProject
Project("{FAE04EC0-301F-11D3-BF4B-00C04F79EFBC}") = "pMixins.Tests.Common", "pMixins.Tests.Common\pMixins.Tests.Common.csproj", "{4D065750-F4E9-4BCA-A3F4-C0E9E9176EDA}"
EndProject
Project("{FAE04EC0-301F-11D3-BF4B-00C04F79EFBC}") = "pMixins.ItemTemplate.Package", "pMixins.ItemTemplate.Package\pMixins.ItemTemplate.Package.csproj", "{274E25D3-F36D-4F55-B8D5-D7AB5F3EE9A6}"
EndProject
Project("{FAE04EC0-301F-11D3-BF4B-00C04F79EFBC}") = "pMixins.ItemTemplate.Legacy.Package", "pMixins.ItemTemplate.Legacy.Package\pMixins.ItemTemplate.Legacy.Package.csproj", "{0B39CE3C-46B0-4BDE-969B-1E5252C503EC}"
EndProject
Project("{FAE04EC0-301F-11D3-BF4B-00C04F79EFBC}") = "pMixins.ItemTemplate.Legacy", "pMixins.ItemTemplate.Legacy\pMixins.ItemTemplate.Legacy.csproj", "{2BBFDADB-13C2-4727-8184-92BE70BDF0B1}"
EndProject
Global
	GlobalSection(SolutionConfigurationPlatforms) = preSolution
		Debug|Any CPU = Debug|Any CPU
		Release|Any CPU = Release|Any CPU
	EndGlobalSection
	GlobalSection(ProjectConfigurationPlatforms) = postSolution
		{1AC30318-70F7-406C-BDDB-95535981B558}.Debug|Any CPU.ActiveCfg = Debug|Any CPU
		{1AC30318-70F7-406C-BDDB-95535981B558}.Debug|Any CPU.Build.0 = Debug|Any CPU
		{1AC30318-70F7-406C-BDDB-95535981B558}.Release|Any CPU.ActiveCfg = Release|Any CPU
		{1AC30318-70F7-406C-BDDB-95535981B558}.Release|Any CPU.Build.0 = Release|Any CPU
		{576B2C1F-2744-4DC9-B68B-A2C48CBBCF5F}.Debug|Any CPU.ActiveCfg = Debug|Any CPU
		{576B2C1F-2744-4DC9-B68B-A2C48CBBCF5F}.Debug|Any CPU.Build.0 = Debug|Any CPU
		{576B2C1F-2744-4DC9-B68B-A2C48CBBCF5F}.Release|Any CPU.ActiveCfg = Release|Any CPU
		{576B2C1F-2744-4DC9-B68B-A2C48CBBCF5F}.Release|Any CPU.Build.0 = Release|Any CPU
		{F2D44224-B6DB-4518-A017-2B3DC5F4C4EA}.Debug|Any CPU.ActiveCfg = Debug|Any CPU
		{F2D44224-B6DB-4518-A017-2B3DC5F4C4EA}.Debug|Any CPU.Build.0 = Debug|Any CPU
		{F2D44224-B6DB-4518-A017-2B3DC5F4C4EA}.Release|Any CPU.ActiveCfg = Release|Any CPU
		{F2D44224-B6DB-4518-A017-2B3DC5F4C4EA}.Release|Any CPU.Build.0 = Release|Any CPU
		{0B3B811B-D400-4144-A655-81BBFF88E858}.Debug|Any CPU.ActiveCfg = Debug|Any CPU
		{0B3B811B-D400-4144-A655-81BBFF88E858}.Debug|Any CPU.Build.0 = Debug|Any CPU
		{0B3B811B-D400-4144-A655-81BBFF88E858}.Release|Any CPU.ActiveCfg = Release|Any CPU
		{0B3B811B-D400-4144-A655-81BBFF88E858}.Release|Any CPU.Build.0 = Release|Any CPU
		{07B8D0B7-3395-4EC5-91C7-3482C8336A2C}.Debug|Any CPU.ActiveCfg = Debug|Any CPU
		{07B8D0B7-3395-4EC5-91C7-3482C8336A2C}.Debug|Any CPU.Build.0 = Debug|Any CPU
		{07B8D0B7-3395-4EC5-91C7-3482C8336A2C}.Release|Any CPU.ActiveCfg = Release|Any CPU
		{07B8D0B7-3395-4EC5-91C7-3482C8336A2C}.Release|Any CPU.Build.0 = Release|Any CPU
		{6A80EC15-AA9E-46B0-9644-3B781F22CCDE}.Debug|Any CPU.ActiveCfg = Debug|Any CPU
		{6A80EC15-AA9E-46B0-9644-3B781F22CCDE}.Debug|Any CPU.Build.0 = Debug|Any CPU
		{6A80EC15-AA9E-46B0-9644-3B781F22CCDE}.Release|Any CPU.ActiveCfg = Release|Any CPU
		{6A80EC15-AA9E-46B0-9644-3B781F22CCDE}.Release|Any CPU.Build.0 = Release|Any CPU
		{A1D0E9F5-C2E8-4E30-9FD8-FF87FD97F324}.Debug|Any CPU.ActiveCfg = Debug|Any CPU
		{A1D0E9F5-C2E8-4E30-9FD8-FF87FD97F324}.Debug|Any CPU.Build.0 = Debug|Any CPU
		{A1D0E9F5-C2E8-4E30-9FD8-FF87FD97F324}.Release|Any CPU.ActiveCfg = Release|Any CPU
		{A1D0E9F5-C2E8-4E30-9FD8-FF87FD97F324}.Release|Any CPU.Build.0 = Release|Any CPU
		{B2738273-42FA-4589-AFFC-610CE796D1F2}.Debug|Any CPU.ActiveCfg = Debug|Any CPU
		{B2738273-42FA-4589-AFFC-610CE796D1F2}.Debug|Any CPU.Build.0 = Debug|Any CPU
		{B2738273-42FA-4589-AFFC-610CE796D1F2}.Release|Any CPU.ActiveCfg = Release|Any CPU
		{B2738273-42FA-4589-AFFC-610CE796D1F2}.Release|Any CPU.Build.0 = Release|Any CPU
		{F8B38B27-095D-4117-BBD7-65BD734113A6}.Debug|Any CPU.ActiveCfg = Debug|Any CPU
		{F8B38B27-095D-4117-BBD7-65BD734113A6}.Debug|Any CPU.Build.0 = Debug|Any CPU
		{F8B38B27-095D-4117-BBD7-65BD734113A6}.Release|Any CPU.ActiveCfg = Release|Any CPU
		{F8B38B27-095D-4117-BBD7-65BD734113A6}.Release|Any CPU.Build.0 = Release|Any CPU
		{4829757B-8B89-40C0-A745-6ADF1BA2F22B}.Debug|Any CPU.ActiveCfg = Debug|Any CPU
		{4829757B-8B89-40C0-A745-6ADF1BA2F22B}.Debug|Any CPU.Build.0 = Debug|Any CPU
		{4829757B-8B89-40C0-A745-6ADF1BA2F22B}.Release|Any CPU.ActiveCfg = Release|Any CPU
		{4829757B-8B89-40C0-A745-6ADF1BA2F22B}.Release|Any CPU.Build.0 = Release|Any CPU
		{4D065750-F4E9-4BCA-A3F4-C0E9E9176EDA}.Debug|Any CPU.ActiveCfg = Debug|Any CPU
		{4D065750-F4E9-4BCA-A3F4-C0E9E9176EDA}.Debug|Any CPU.Build.0 = Debug|Any CPU
		{4D065750-F4E9-4BCA-A3F4-C0E9E9176EDA}.Release|Any CPU.ActiveCfg = Release|Any CPU
		{4D065750-F4E9-4BCA-A3F4-C0E9E9176EDA}.Release|Any CPU.Build.0 = Release|Any CPU
		{274E25D3-F36D-4F55-B8D5-D7AB5F3EE9A6}.Debug|Any CPU.ActiveCfg = Debug|Any CPU
		{274E25D3-F36D-4F55-B8D5-D7AB5F3EE9A6}.Debug|Any CPU.Build.0 = Debug|Any CPU
		{274E25D3-F36D-4F55-B8D5-D7AB5F3EE9A6}.Release|Any CPU.ActiveCfg = Release|Any CPU
		{274E25D3-F36D-4F55-B8D5-D7AB5F3EE9A6}.Release|Any CPU.Build.0 = Release|Any CPU
		{0B39CE3C-46B0-4BDE-969B-1E5252C503EC}.Debug|Any CPU.ActiveCfg = Debug|Any CPU
		{0B39CE3C-46B0-4BDE-969B-1E5252C503EC}.Debug|Any CPU.Build.0 = Debug|Any CPU
		{0B39CE3C-46B0-4BDE-969B-1E5252C503EC}.Release|Any CPU.ActiveCfg = Release|Any CPU
		{0B39CE3C-46B0-4BDE-969B-1E5252C503EC}.Release|Any CPU.Build.0 = Release|Any CPU
		{2BBFDADB-13C2-4727-8184-92BE70BDF0B1}.Debug|Any CPU.ActiveCfg = Debug|Any CPU
		{2BBFDADB-13C2-4727-8184-92BE70BDF0B1}.Debug|Any CPU.Build.0 = Debug|Any CPU
		{2BBFDADB-13C2-4727-8184-92BE70BDF0B1}.Release|Any CPU.ActiveCfg = Release|Any CPU
		{2BBFDADB-13C2-4727-8184-92BE70BDF0B1}.Release|Any CPU.Build.0 = Release|Any CPU
	EndGlobalSection
	GlobalSection(SolutionProperties) = preSolution
		HideSolutionNode = FALSE
	EndGlobalSection
	GlobalSection(NestedProjects) = preSolution
		{D46C5F3A-1A96-4AD8-9B58-BCC87EC0F1EC} = {3D2EF5DB-5E7C-4C70-89A7-496D0E25C745}
		{1AC30318-70F7-406C-BDDB-95535981B558} = {13FD010F-24D4-4519-881A-985B265D7FE9}
		{576B2C1F-2744-4DC9-B68B-A2C48CBBCF5F} = {D7A901F5-B909-448B-9982-07CDC2F326C3}
		{F2D44224-B6DB-4518-A017-2B3DC5F4C4EA} = {13FD010F-24D4-4519-881A-985B265D7FE9}
		{0B3B811B-D400-4144-A655-81BBFF88E858} = {13FD010F-24D4-4519-881A-985B265D7FE9}
		{07B8D0B7-3395-4EC5-91C7-3482C8336A2C} = {D46C5F3A-1A96-4AD8-9B58-BCC87EC0F1EC}
		{6A80EC15-AA9E-46B0-9644-3B781F22CCDE} = {3D2EF5DB-5E7C-4C70-89A7-496D0E25C745}
		{A1D0E9F5-C2E8-4E30-9FD8-FF87FD97F324} = {E9B35708-C66D-44B0-9B58-4A7D47A319ED}
		{B2738273-42FA-4589-AFFC-610CE796D1F2} = {13FD010F-24D4-4519-881A-985B265D7FE9}
		{F8B38B27-095D-4117-BBD7-65BD734113A6} = {D7A901F5-B909-448B-9982-07CDC2F326C3}
		{4829757B-8B89-40C0-A745-6ADF1BA2F22B} = {D7A901F5-B909-448B-9982-07CDC2F326C3}
		{4D065750-F4E9-4BCA-A3F4-C0E9E9176EDA} = {D7A901F5-B909-448B-9982-07CDC2F326C3}
		{274E25D3-F36D-4F55-B8D5-D7AB5F3EE9A6} = {D46C5F3A-1A96-4AD8-9B58-BCC87EC0F1EC}
		{0B39CE3C-46B0-4BDE-969B-1E5252C503EC} = {D46C5F3A-1A96-4AD8-9B58-BCC87EC0F1EC}
		{2BBFDADB-13C2-4727-8184-92BE70BDF0B1} = {D46C5F3A-1A96-4AD8-9B58-BCC87EC0F1EC}
	EndGlobalSection
	GlobalSection(ExtensibilityGlobals) = postSolution
		VisualSVNWorkingCopyRoot = .
	EndGlobalSection
EndGlobal
